<Solution>
  <Folder Name="/api/">
    <Project Path="api/Domain/Domain.csproj" />
    <Project Path="api/Entrypoint/Entrypoint.csproj" />
    <Project Path="api/Infrastructure/Infrastructure.csproj" />
    <Project Path="api/Service/Service.csproj" />
  </Folder>
  <Folder Name="/tests/">
    <Project Path="tests/Tests.csproj" />
  </Folder>
</Solution>
